
Microsoft Visual Studio Solution File, Format Version 12.00
# Visual Studio 15
VisualStudioVersion = 15.0.28010.2003
MinimumVisualStudioVersion = 10.0.40219.1
Project("{FAE04EC0-301F-11D3-BF4B-00C04F79EFBC}") = "HangfireWeb", "HangfireWeb\HangfireWeb.csproj", "{42F74518-1799-4EC2-BDA8-263D50289AD0}"
EndProject
Global
	GlobalSection(SolutionConfigurationPlatforms) = preSolution
		Debug|Any CPU = Debug|Any CPU
		Release|Any CPU = Release|Any CPU
	EndGlobalSection
	GlobalSection(ProjectConfigurationPlatforms) = postSolution
		{42F74518-1799-4EC2-BDA8-263D50289AD0}.Debug|Any CPU.ActiveCfg = Debug|Any CPU
		{42F74518-1799-4EC2-BDA8-263D50289AD0}.Debug|Any CPU.Build.0 = Debug|Any CPU
		{42F74518-1799-4EC2-BDA8-263D50289AD0}.Release|Any CPU.ActiveCfg = Release|Any CPU
		{42F74518-1799-4EC2-BDA8-263D50289AD0}.Release|Any CPU.Build.0 = Release|Any CPU
	EndGlobalSection
	GlobalSection(SolutionProperties) = preSolution
		HideSolutionNode = FALSE
	EndGlobalSection
	GlobalSection(ExtensibilityGlobals) = postSolution
		SolutionGuid = {70E9DFDF-A89B-4CC1-8A30-330033D9B4A5}
	EndGlobalSection
EndGlobal
